// !$*UTF8*$!
{
	archiveVersion = 1;
	classes = {
	};
	objectVersion = 52;
	objects = {

/* Begin PBXBuildFile section */
		FC00A0C124CEFEC800497395 /* ContentView.swift in Sources */ = {isa = PBXBuildFile; fileRef = FC521CDF2479A46600D2AC82 /* ContentView.swift */; };
		FC00A0C224CEFEDC00497395 /* Player.swift in Sources */ = {isa = PBXBuildFile; fileRef = FC521D0D2479B06100D2AC82 /* Player.swift */; };
		FC00A0C324CEFEDF00497395 /* Song.swift in Sources */ = {isa = PBXBuildFile; fileRef = FCBE778A2486516200080BB5 /* Song.swift */; };
		FC00A0C424CEFEE100497395 /* Flac.swift in Sources */ = {isa = PBXBuildFile; fileRef = FCBE778624864D6E00080BB5 /* Flac.swift */; };
		FC00A0C524CEFEE300497395 /* NIOFileHandler+Extension.swift in Sources */ = {isa = PBXBuildFile; fileRef = FCBE778824864FB600080BB5 /* NIOFileHandler+Extension.swift */; };
		FC00A0C624CEFEE500497395 /* URL+Coordiantor.swift in Sources */ = {isa = PBXBuildFile; fileRef = FC625ACD2483D4E800ED60BF /* URL+Coordiantor.swift */; };
		FC00A0C724CEFEE800497395 /* Array+Extensions.swift in Sources */ = {isa = PBXBuildFile; fileRef = FC625ABB2482B1F300ED60BF /* Array+Extensions.swift */; };
		FC00A0C824CEFEEB00497395 /* PlayerEnum.swift in Sources */ = {isa = PBXBuildFile; fileRef = FC625ABD2482CB9600ED60BF /* PlayerEnum.swift */; };
		FC00A0CA24CEFEFD00497395 /* AirPlayButton.swift in Sources */ = {isa = PBXBuildFile; fileRef = FCC94AC5247A979B00DCFD25 /* AirPlayButton.swift */; };
		FC00A0CC24CEFF0B00497395 /* Songs.xcdatamodeld in Sources */ = {isa = PBXBuildFile; fileRef = FC625ABF2483021A00ED60BF /* Songs.xcdatamodeld */; };
		FC00A0CD24CEFF0E00497395 /* ArrayBiggerThan.swift in Sources */ = {isa = PBXBuildFile; fileRef = FC06D5AD248BB4270041E794 /* ArrayBiggerThan.swift */; };
		FC00A0CF24CEFF8400497395 /* NIO in Frameworks */ = {isa = PBXBuildFile; productRef = FC00A0CE24CEFF8400497395 /* NIO */; };
		FC00A0D124CEFF9000497395 /* NIOFoundationCompat in Frameworks */ = {isa = PBXBuildFile; productRef = FC00A0D024CEFF9000497395 /* NIOFoundationCompat */; };
		FC00A0D324CEFF9C00497395 /* NIOTransportServices in Frameworks */ = {isa = PBXBuildFile; productRef = FC00A0D224CEFF9C00497395 /* NIOTransportServices */; };
		FC00A0D524CEFFA300497395 /* CoreData.framework in Frameworks */ = {isa = PBXBuildFile; fileRef = FC00A0D424CEFFA300497395 /* CoreData.framework */; };
		FC06D5AE248BB4270041E794 /* ArrayBiggerThan.swift in Sources */ = {isa = PBXBuildFile; fileRef = FC06D5AD248BB4270041E794 /* ArrayBiggerThan.swift */; };
		FC46024B259C8F6900DC1C74 /* AsyncKit in Frameworks */ = {isa = PBXBuildFile; productRef = FC46024A259C8F6900DC1C74 /* AsyncKit */; };
		FC521CE02479A46600D2AC82 /* ContentView.swift in Sources */ = {isa = PBXBuildFile; fileRef = FC521CDF2479A46600D2AC82 /* ContentView.swift */; };
		FC521CE22479A46800D2AC82 /* Assets.xcassets in Resources */ = {isa = PBXBuildFile; fileRef = FC521CE12479A46800D2AC82 /* Assets.xcassets */; };
		FC521CE52479A46800D2AC82 /* Preview Assets.xcassets in Resources */ = {isa = PBXBuildFile; fileRef = FC521CE42479A46800D2AC82 /* Preview Assets.xcassets */; };
		FC521CF32479A46800D2AC82 /* Listen_in_PlaceTests.swift in Sources */ = {isa = PBXBuildFile; fileRef = FC521CF22479A46800D2AC82 /* Listen_in_PlaceTests.swift */; };
		FC521CFE2479A46800D2AC82 /* Listen_in_PlaceUITests.swift in Sources */ = {isa = PBXBuildFile; fileRef = FC521CFD2479A46800D2AC82 /* Listen_in_PlaceUITests.swift */; };
		FC521D0C2479A51B00D2AC82 /* MusicView.swift in Sources */ = {isa = PBXBuildFile; fileRef = FC521D0B2479A51B00D2AC82 /* MusicView.swift */; };
		FC521D0E2479B06100D2AC82 /* Player.swift in Sources */ = {isa = PBXBuildFile; fileRef = FC521D0D2479B06100D2AC82 /* Player.swift */; };
		FC625AB62482B17600ED60BF /* Metablock.swift in Sources */ = {isa = PBXBuildFile; fileRef = FC625AB52482B17600ED60BF /* Metablock.swift */; };
		FC625AB82482B19600ED60BF /* Streaminginfo.swift in Sources */ = {isa = PBXBuildFile; fileRef = FC625AB72482B19600ED60BF /* Streaminginfo.swift */; };
		FC625ABA2482B1BD00ED60BF /* Picture.swift in Sources */ = {isa = PBXBuildFile; fileRef = FC625AB92482B1BD00ED60BF /* Picture.swift */; };
		FC625ABC2482B1F300ED60BF /* Array+Extensions.swift in Sources */ = {isa = PBXBuildFile; fileRef = FC625ABB2482B1F300ED60BF /* Array+Extensions.swift */; };
		FC625ABE2482CB9600ED60BF /* PlayerEnum.swift in Sources */ = {isa = PBXBuildFile; fileRef = FC625ABD2482CB9600ED60BF /* PlayerEnum.swift */; };
		FC625AC12483021B00ED60BF /* Songs.xcdatamodeld in Sources */ = {isa = PBXBuildFile; fileRef = FC625ABF2483021A00ED60BF /* Songs.xcdatamodeld */; };
		FC625AC42483093F00ED60BF /* CoreData.framework in Frameworks */ = {isa = PBXBuildFile; fileRef = FC625AC32483093E00ED60BF /* CoreData.framework */; };
		FC625ACE2483D4E800ED60BF /* URL+Coordiantor.swift in Sources */ = {isa = PBXBuildFile; fileRef = FC625ACD2483D4E800ED60BF /* URL+Coordiantor.swift */; };
		FC625AD02484128700ED60BF /* VorbisComment.swift in Sources */ = {isa = PBXBuildFile; fileRef = FC625ACF2484128600ED60BF /* VorbisComment.swift */; };
		FC67C25B24AF533100C41163 /* Assets.xcassets in Resources */ = {isa = PBXBuildFile; fileRef = FC67C25A24AF533100C41163 /* Assets.xcassets */; };
		FC67C26A24AF533100C41163 /* Listen_on_MacTests.swift in Sources */ = {isa = PBXBuildFile; fileRef = FC67C26924AF533100C41163 /* Listen_on_MacTests.swift */; };
		FC67C27524AF533100C41163 /* Listen_on_MacUITests.swift in Sources */ = {isa = PBXBuildFile; fileRef = FC67C27424AF533100C41163 /* Listen_on_MacUITests.swift */; };
		FC67C28024AF537E00C41163 /* ListenInPlace.swift in Sources */ = {isa = PBXBuildFile; fileRef = FC67C25624AF532C00C41163 /* ListenInPlace.swift */; };
		FC67C28124AF53BE00C41163 /* ListenInPlace.swift in Sources */ = {isa = PBXBuildFile; fileRef = FC67C25624AF532C00C41163 /* ListenInPlace.swift */; };
		FCBE77802485B27D00080BB5 /* NIO in Frameworks */ = {isa = PBXBuildFile; productRef = FCBE777F2485B27D00080BB5 /* NIO */; };
		FCBE77822485B27D00080BB5 /* NIOFoundationCompat in Frameworks */ = {isa = PBXBuildFile; productRef = FCBE77812485B27D00080BB5 /* NIOFoundationCompat */; };
		FCBE77852485B4E900080BB5 /* NIOTransportServices in Frameworks */ = {isa = PBXBuildFile; productRef = FCBE77842485B4E900080BB5 /* NIOTransportServices */; };
		FCBE778724864D6E00080BB5 /* Flac.swift in Sources */ = {isa = PBXBuildFile; fileRef = FCBE778624864D6E00080BB5 /* Flac.swift */; };
		FCBE778924864FB600080BB5 /* NIOFileHandler+Extension.swift in Sources */ = {isa = PBXBuildFile; fileRef = FCBE778824864FB600080BB5 /* NIOFileHandler+Extension.swift */; };
		FCBE778B2486516200080BB5 /* Song.swift in Sources */ = {isa = PBXBuildFile; fileRef = FCBE778A2486516200080BB5 /* Song.swift */; };
		FCC0E5F0259B700B009CA70C /* Match in Frameworks */ = {isa = PBXBuildFile; productRef = FCC0E5EF259B700B009CA70C /* Match */; };
		FCC94AC6247A979B00DCFD25 /* AirPlayButton.swift in Sources */ = {isa = PBXBuildFile; fileRef = FCC94AC5247A979B00DCFD25 /* AirPlayButton.swift */; };
		FCF396C324F9A59B0051AB6E /* Metablock.swift in Sources */ = {isa = PBXBuildFile; fileRef = FC625AB52482B17600ED60BF /* Metablock.swift */; };
		FCF396C424F9A5A00051AB6E /* Streaminginfo.swift in Sources */ = {isa = PBXBuildFile; fileRef = FC625AB72482B19600ED60BF /* Streaminginfo.swift */; };
		FCF396C524F9A5A20051AB6E /* Picture.swift in Sources */ = {isa = PBXBuildFile; fileRef = FC625AB92482B1BD00ED60BF /* Picture.swift */; };
		FCF396C624F9A5A50051AB6E /* VorbisComment.swift in Sources */ = {isa = PBXBuildFile; fileRef = FC625ACF2484128600ED60BF /* VorbisComment.swift */; };
		FCF396CF24F9B3EB0051AB6E /* Songs+CoreDataClass.swift in Sources */ = {isa = PBXBuildFile; fileRef = FCF396CD24F9B3EB0051AB6E /* Songs+CoreDataClass.swift */; };
		FCF396D024F9B3EB0051AB6E /* Songs+CoreDataProperties.swift in Sources */ = {isa = PBXBuildFile; fileRef = FCF396CE24F9B3EB0051AB6E /* Songs+CoreDataProperties.swift */; };
		FCF396D224FB7A260051AB6E /* Launch Screen.storyboard in Resources */ = {isa = PBXBuildFile; fileRef = FCF396D124FB7A260051AB6E /* Launch Screen.storyboard */; };
		FCFAC320251DE96200B36992 /* AlbumGridView.swift in Sources */ = {isa = PBXBuildFile; fileRef = FCFAC31F251DE96200B36992 /* AlbumGridView.swift */; };
		FCFAC327251DF2AE00B36992 /* Song+iOS.swift in Sources */ = {isa = PBXBuildFile; fileRef = FCFAC326251DF2AD00B36992 /* Song+iOS.swift */; };
		FCFAC32E251DF30E00B36992 /* Song+macOS.swift in Sources */ = {isa = PBXBuildFile; fileRef = FCFAC32D251DF30E00B36992 /* Song+macOS.swift */; };
/* End PBXBuildFile section */

/* Begin PBXContainerItemProxy section */
		FC521CEF2479A46800D2AC82 /* PBXContainerItemProxy */ = {
			isa = PBXContainerItemProxy;
			containerPortal = FC521CD02479A46600D2AC82 /* Project object */;
			proxyType = 1;
			remoteGlobalIDString = FC521CD72479A46600D2AC82;
			remoteInfo = "Listen in Place";
		};
		FC521CFA2479A46800D2AC82 /* PBXContainerItemProxy */ = {
			isa = PBXContainerItemProxy;
			containerPortal = FC521CD02479A46600D2AC82 /* Project object */;
			proxyType = 1;
			remoteGlobalIDString = FC521CD72479A46600D2AC82;
			remoteInfo = "Listen in Place";
		};
		FC67C26624AF533100C41163 /* PBXContainerItemProxy */ = {
			isa = PBXContainerItemProxy;
			containerPortal = FC521CD02479A46600D2AC82 /* Project object */;
			proxyType = 1;
			remoteGlobalIDString = FC67C25324AF532C00C41163;
			remoteInfo = "Listen on Mac";
		};
		FC67C27124AF533100C41163 /* PBXContainerItemProxy */ = {
			isa = PBXContainerItemProxy;
			containerPortal = FC521CD02479A46600D2AC82 /* Project object */;
			proxyType = 1;
			remoteGlobalIDString = FC67C25324AF532C00C41163;
			remoteInfo = "Listen on Mac";
		};
/* End PBXContainerItemProxy section */

/* Begin PBXCopyFilesBuildPhase section */
		FC970BD4247F9F77002B1E97 /* Embed Frameworks */ = {
			isa = PBXCopyFilesBuildPhase;
			buildActionMask = 2147483647;
			dstPath = "";
			dstSubfolderSpec = 10;
			files = (
			);
			name = "Embed Frameworks";
			runOnlyForDeploymentPostprocessing = 0;
		};
/* End PBXCopyFilesBuildPhase section */

/* Begin PBXFileReference section */
		FC00A0D424CEFFA300497395 /* CoreData.framework */ = {isa = PBXFileReference; lastKnownFileType = wrapper.framework; name = CoreData.framework; path = Platforms/MacOSX.platform/Developer/SDKs/MacOSX11.0.sdk/System/Library/Frameworks/CoreData.framework; sourceTree = DEVELOPER_DIR; };
		FC06D5AD248BB4270041E794 /* ArrayBiggerThan.swift */ = {isa = PBXFileReference; lastKnownFileType = sourcecode.swift; path = ArrayBiggerThan.swift; sourceTree = "<group>"; };
		FC521CD82479A46600D2AC82 /* iOS.app */ = {isa = PBXFileReference; explicitFileType = wrapper.application; includeInIndex = 0; path = iOS.app; sourceTree = BUILT_PRODUCTS_DIR; };
		FC521CDF2479A46600D2AC82 /* ContentView.swift */ = {isa = PBXFileReference; lastKnownFileType = sourcecode.swift; path = ContentView.swift; sourceTree = "<group>"; };
		FC521CE12479A46800D2AC82 /* Assets.xcassets */ = {isa = PBXFileReference; lastKnownFileType = folder.assetcatalog; path = Assets.xcassets; sourceTree = "<group>"; };
		FC521CE42479A46800D2AC82 /* Preview Assets.xcassets */ = {isa = PBXFileReference; lastKnownFileType = folder.assetcatalog; path = "Preview Assets.xcassets"; sourceTree = "<group>"; };
		FC521CE92479A46800D2AC82 /* Info.plist */ = {isa = PBXFileReference; lastKnownFileType = text.plist.xml; path = Info.plist; sourceTree = "<group>"; };
		FC521CEE2479A46800D2AC82 /* Listen in PlaceTests.xctest */ = {isa = PBXFileReference; explicitFileType = wrapper.cfbundle; includeInIndex = 0; path = "Listen in PlaceTests.xctest"; sourceTree = BUILT_PRODUCTS_DIR; };
		FC521CF22479A46800D2AC82 /* Listen_in_PlaceTests.swift */ = {isa = PBXFileReference; lastKnownFileType = sourcecode.swift; path = Listen_in_PlaceTests.swift; sourceTree = "<group>"; };
		FC521CF42479A46800D2AC82 /* Info.plist */ = {isa = PBXFileReference; lastKnownFileType = text.plist.xml; path = Info.plist; sourceTree = "<group>"; };
		FC521CF92479A46800D2AC82 /* Listen in PlaceUITests.xctest */ = {isa = PBXFileReference; explicitFileType = wrapper.cfbundle; includeInIndex = 0; path = "Listen in PlaceUITests.xctest"; sourceTree = BUILT_PRODUCTS_DIR; };
		FC521CFD2479A46800D2AC82 /* Listen_in_PlaceUITests.swift */ = {isa = PBXFileReference; lastKnownFileType = sourcecode.swift; path = Listen_in_PlaceUITests.swift; sourceTree = "<group>"; };
		FC521CFF2479A46800D2AC82 /* Info.plist */ = {isa = PBXFileReference; lastKnownFileType = text.plist.xml; path = Info.plist; sourceTree = "<group>"; };
		FC521D0B2479A51B00D2AC82 /* MusicView.swift */ = {isa = PBXFileReference; lastKnownFileType = sourcecode.swift; path = MusicView.swift; sourceTree = "<group>"; };
		FC521D0D2479B06100D2AC82 /* Player.swift */ = {isa = PBXFileReference; lastKnownFileType = sourcecode.swift; path = Player.swift; sourceTree = "<group>"; };
		FC625AB52482B17600ED60BF /* Metablock.swift */ = {isa = PBXFileReference; lastKnownFileType = sourcecode.swift; path = Metablock.swift; sourceTree = "<group>"; };
		FC625AB72482B19600ED60BF /* Streaminginfo.swift */ = {isa = PBXFileReference; lastKnownFileType = sourcecode.swift; path = Streaminginfo.swift; sourceTree = "<group>"; };
		FC625AB92482B1BD00ED60BF /* Picture.swift */ = {isa = PBXFileReference; lastKnownFileType = sourcecode.swift; path = Picture.swift; sourceTree = "<group>"; };
		FC625ABB2482B1F300ED60BF /* Array+Extensions.swift */ = {isa = PBXFileReference; lastKnownFileType = sourcecode.swift; path = "Array+Extensions.swift"; sourceTree = "<group>"; };
		FC625ABD2482CB9600ED60BF /* PlayerEnum.swift */ = {isa = PBXFileReference; lastKnownFileType = sourcecode.swift; path = PlayerEnum.swift; sourceTree = "<group>"; };
		FC625AC02483021A00ED60BF /* Songs.xcdatamodel */ = {isa = PBXFileReference; lastKnownFileType = wrapper.xcdatamodel; path = Songs.xcdatamodel; sourceTree = "<group>"; };
		FC625AC32483093E00ED60BF /* CoreData.framework */ = {isa = PBXFileReference; lastKnownFileType = wrapper.framework; name = CoreData.framework; path = System/Library/Frameworks/CoreData.framework; sourceTree = SDKROOT; };
		FC625ACD2483D4E800ED60BF /* URL+Coordiantor.swift */ = {isa = PBXFileReference; lastKnownFileType = sourcecode.swift; path = "URL+Coordiantor.swift"; sourceTree = "<group>"; };
		FC625ACF2484128600ED60BF /* VorbisComment.swift */ = {isa = PBXFileReference; lastKnownFileType = sourcecode.swift; path = VorbisComment.swift; sourceTree = "<group>"; };
		FC67C25424AF532C00C41163 /* macOS.app */ = {isa = PBXFileReference; explicitFileType = wrapper.application; includeInIndex = 0; path = macOS.app; sourceTree = BUILT_PRODUCTS_DIR; };
		FC67C25624AF532C00C41163 /* ListenInPlace.swift */ = {isa = PBXFileReference; lastKnownFileType = sourcecode.swift; path = ListenInPlace.swift; sourceTree = "<group>"; };
		FC67C25A24AF533100C41163 /* Assets.xcassets */ = {isa = PBXFileReference; lastKnownFileType = folder.assetcatalog; path = Assets.xcassets; sourceTree = "<group>"; };
		FC67C25F24AF533100C41163 /* Info.plist */ = {isa = PBXFileReference; lastKnownFileType = text.plist.xml; path = Info.plist; sourceTree = "<group>"; };
		FC67C26024AF533100C41163 /* Listen_on_Mac.entitlements */ = {isa = PBXFileReference; lastKnownFileType = text.plist.entitlements; path = Listen_on_Mac.entitlements; sourceTree = "<group>"; };
		FC67C26524AF533100C41163 /* Listen on MacTests.xctest */ = {isa = PBXFileReference; explicitFileType = wrapper.cfbundle; includeInIndex = 0; path = "Listen on MacTests.xctest"; sourceTree = BUILT_PRODUCTS_DIR; };
		FC67C26924AF533100C41163 /* Listen_on_MacTests.swift */ = {isa = PBXFileReference; lastKnownFileType = sourcecode.swift; path = Listen_on_MacTests.swift; sourceTree = "<group>"; };
		FC67C26B24AF533100C41163 /* Info.plist */ = {isa = PBXFileReference; lastKnownFileType = text.plist.xml; path = Info.plist; sourceTree = "<group>"; };
		FC67C27024AF533100C41163 /* Listen on MacUITests.xctest */ = {isa = PBXFileReference; explicitFileType = wrapper.cfbundle; includeInIndex = 0; path = "Listen on MacUITests.xctest"; sourceTree = BUILT_PRODUCTS_DIR; };
		FC67C27424AF533100C41163 /* Listen_on_MacUITests.swift */ = {isa = PBXFileReference; lastKnownFileType = sourcecode.swift; path = Listen_on_MacUITests.swift; sourceTree = "<group>"; };
		FC67C27624AF533100C41163 /* Info.plist */ = {isa = PBXFileReference; lastKnownFileType = text.plist.xml; path = Info.plist; sourceTree = "<group>"; };
		FCBE778624864D6E00080BB5 /* Flac.swift */ = {isa = PBXFileReference; lastKnownFileType = sourcecode.swift; path = Flac.swift; sourceTree = "<group>"; };
		FCBE778824864FB600080BB5 /* NIOFileHandler+Extension.swift */ = {isa = PBXFileReference; lastKnownFileType = sourcecode.swift; path = "NIOFileHandler+Extension.swift"; sourceTree = "<group>"; };
		FCBE778A2486516200080BB5 /* Song.swift */ = {isa = PBXFileReference; lastKnownFileType = sourcecode.swift; path = Song.swift; sourceTree = "<group>"; };
		FCC94AC5247A979B00DCFD25 /* AirPlayButton.swift */ = {isa = PBXFileReference; lastKnownFileType = sourcecode.swift; path = AirPlayButton.swift; sourceTree = "<group>"; };
		FCF396CD24F9B3EB0051AB6E /* Songs+CoreDataClass.swift */ = {isa = PBXFileReference; lastKnownFileType = sourcecode.swift; name = "Songs+CoreDataClass.swift"; path = "Shared/Models/Songs+CoreDataClass.swift"; sourceTree = "<group>"; };
		FCF396CE24F9B3EB0051AB6E /* Songs+CoreDataProperties.swift */ = {isa = PBXFileReference; lastKnownFileType = sourcecode.swift; name = "Songs+CoreDataProperties.swift"; path = "Shared/Models/Songs+CoreDataProperties.swift"; sourceTree = "<group>"; };
		FCF396D124FB7A260051AB6E /* Launch Screen.storyboard */ = {isa = PBXFileReference; lastKnownFileType = file.storyboard; path = "Launch Screen.storyboard"; sourceTree = "<group>"; };
		FCFAC31F251DE96200B36992 /* AlbumGridView.swift */ = {isa = PBXFileReference; lastKnownFileType = sourcecode.swift; path = AlbumGridView.swift; sourceTree = "<group>"; };
		FCFAC326251DF2AD00B36992 /* Song+iOS.swift */ = {isa = PBXFileReference; lastKnownFileType = sourcecode.swift; path = "Song+iOS.swift"; sourceTree = "<group>"; };
		FCFAC32D251DF30E00B36992 /* Song+macOS.swift */ = {isa = PBXFileReference; lastKnownFileType = sourcecode.swift; path = "Song+macOS.swift"; sourceTree = "<group>"; };
/* End PBXFileReference section */

/* Begin PBXFrameworksBuildPhase section */
		FC521CD52479A46600D2AC82 /* Frameworks */ = {
			isa = PBXFrameworksBuildPhase;
			buildActionMask = 2147483647;
			files = (
				FC46024B259C8F6900DC1C74 /* AsyncKit in Frameworks */,
				FC625AC42483093F00ED60BF /* CoreData.framework in Frameworks */,
				FCBE77822485B27D00080BB5 /* NIOFoundationCompat in Frameworks */,
				FCC0E5F0259B700B009CA70C /* Match in Frameworks */,
				FCBE77802485B27D00080BB5 /* NIO in Frameworks */,
				FCBE77852485B4E900080BB5 /* NIOTransportServices in Frameworks */,
			);
			runOnlyForDeploymentPostprocessing = 0;
		};
		FC521CEB2479A46800D2AC82 /* Frameworks */ = {
			isa = PBXFrameworksBuildPhase;
			buildActionMask = 2147483647;
			files = (
			);
			runOnlyForDeploymentPostprocessing = 0;
		};
		FC521CF62479A46800D2AC82 /* Frameworks */ = {
			isa = PBXFrameworksBuildPhase;
			buildActionMask = 2147483647;
			files = (
			);
			runOnlyForDeploymentPostprocessing = 0;
		};
		FC67C25124AF532C00C41163 /* Frameworks */ = {
			isa = PBXFrameworksBuildPhase;
			buildActionMask = 2147483647;
			files = (
				FC00A0D324CEFF9C00497395 /* NIOTransportServices in Frameworks */,
				FC00A0D524CEFFA300497395 /* CoreData.framework in Frameworks */,
				FC00A0D124CEFF9000497395 /* NIOFoundationCompat in Frameworks */,
				FC00A0CF24CEFF8400497395 /* NIO in Frameworks */,
			);
			runOnlyForDeploymentPostprocessing = 0;
		};
		FC67C26224AF533100C41163 /* Frameworks */ = {
			isa = PBXFrameworksBuildPhase;
			buildActionMask = 2147483647;
			files = (
			);
			runOnlyForDeploymentPostprocessing = 0;
		};
		FC67C26D24AF533100C41163 /* Frameworks */ = {
			isa = PBXFrameworksBuildPhase;
			buildActionMask = 2147483647;
			files = (
			);
			runOnlyForDeploymentPostprocessing = 0;
		};
/* End PBXFrameworksBuildPhase section */

/* Begin PBXGroup section */
		FC521CCF2479A46600D2AC82 = {
			isa = PBXGroup;
			children = (
				FCF396CD24F9B3EB0051AB6E /* Songs+CoreDataClass.swift */,
				FCF396CE24F9B3EB0051AB6E /* Songs+CoreDataProperties.swift */,
				FC521CDA2479A46600D2AC82 /* Shared */,
				FC67C24F24AF509C00C41163 /* iOS */,
				FC521CF12479A46800D2AC82 /* Listen in PlaceTests */,
				FC521CFC2479A46800D2AC82 /* Listen in PlaceUITests */,
				FC67C25524AF532C00C41163 /* macOS */,
				FC67C26824AF533100C41163 /* Listen on MacTests */,
				FC67C27324AF533100C41163 /* Listen on MacUITests */,
				FC521CD92479A46600D2AC82 /* Products */,
				FC625AC22483093E00ED60BF /* Frameworks */,
			);
			sourceTree = "<group>";
		};
		FC521CD92479A46600D2AC82 /* Products */ = {
			isa = PBXGroup;
			children = (
				FC521CD82479A46600D2AC82 /* iOS.app */,
				FC521CEE2479A46800D2AC82 /* Listen in PlaceTests.xctest */,
				FC521CF92479A46800D2AC82 /* Listen in PlaceUITests.xctest */,
				FC67C25424AF532C00C41163 /* macOS.app */,
				FC67C26524AF533100C41163 /* Listen on MacTests.xctest */,
				FC67C27024AF533100C41163 /* Listen on MacUITests.xctest */,
			);
			name = Products;
			sourceTree = "<group>";
		};
		FC521CDA2479A46600D2AC82 /* Shared */ = {
			isa = PBXGroup;
			children = (
				FCFAC31E251DE91E00B36992 /* Views */,
				FCBE778C24865A7600080BB5 /* SongReader */,
				FC67C25624AF532C00C41163 /* ListenInPlace.swift */,
				FC521CDF2479A46600D2AC82 /* ContentView.swift */,
				FCC94AC5247A979B00DCFD25 /* AirPlayButton.swift */,
				FC625ABF2483021A00ED60BF /* Songs.xcdatamodeld */,
				FC06D5AD248BB4270041E794 /* ArrayBiggerThan.swift */,
				FC521CE32479A46800D2AC82 /* Preview Content */,
				FCF396D124FB7A260051AB6E /* Launch Screen.storyboard */,
			);
			path = Shared;
			sourceTree = "<group>";
		};
		FC521CE32479A46800D2AC82 /* Preview Content */ = {
			isa = PBXGroup;
			children = (
				FC521CE42479A46800D2AC82 /* Preview Assets.xcassets */,
			);
			path = "Preview Content";
			sourceTree = "<group>";
		};
		FC521CF12479A46800D2AC82 /* Listen in PlaceTests */ = {
			isa = PBXGroup;
			children = (
				FC521CF22479A46800D2AC82 /* Listen_in_PlaceTests.swift */,
				FC521CF42479A46800D2AC82 /* Info.plist */,
			);
			path = "Listen in PlaceTests";
			sourceTree = "<group>";
		};
		FC521CFC2479A46800D2AC82 /* Listen in PlaceUITests */ = {
			isa = PBXGroup;
			children = (
				FC521CFD2479A46800D2AC82 /* Listen_in_PlaceUITests.swift */,
				FC521CFF2479A46800D2AC82 /* Info.plist */,
			);
			path = "Listen in PlaceUITests";
			sourceTree = "<group>";
		};
		FC625AB42482B16400ED60BF /* Metablocks */ = {
			isa = PBXGroup;
			children = (
				FC625AB52482B17600ED60BF /* Metablock.swift */,
				FC625AB72482B19600ED60BF /* Streaminginfo.swift */,
				FC625AB92482B1BD00ED60BF /* Picture.swift */,
				FC625ACF2484128600ED60BF /* VorbisComment.swift */,
			);
			path = Metablocks;
			sourceTree = "<group>";
		};
		FC625AC22483093E00ED60BF /* Frameworks */ = {
			isa = PBXGroup;
			children = (
				FC00A0D424CEFFA300497395 /* CoreData.framework */,
				FC625AC32483093E00ED60BF /* CoreData.framework */,
			);
			name = Frameworks;
			sourceTree = "<group>";
		};
		FC67C24F24AF509C00C41163 /* iOS */ = {
			isa = PBXGroup;
			children = (
				FC521CE92479A46800D2AC82 /* Info.plist */,
				FC521CE12479A46800D2AC82 /* Assets.xcassets */,
			);
			path = iOS;
			sourceTree = "<group>";
		};
		FC67C25524AF532C00C41163 /* macOS */ = {
			isa = PBXGroup;
			children = (
				FC67C25A24AF533100C41163 /* Assets.xcassets */,
				FC67C25F24AF533100C41163 /* Info.plist */,
				FC67C26024AF533100C41163 /* Listen_on_Mac.entitlements */,
			);
			path = macOS;
			sourceTree = "<group>";
		};
		FC67C26824AF533100C41163 /* Listen on MacTests */ = {
			isa = PBXGroup;
			children = (
				FC67C26924AF533100C41163 /* Listen_on_MacTests.swift */,
				FC67C26B24AF533100C41163 /* Info.plist */,
			);
			path = "Listen on MacTests";
			sourceTree = "<group>";
		};
		FC67C27324AF533100C41163 /* Listen on MacUITests */ = {
			isa = PBXGroup;
			children = (
				FC67C27424AF533100C41163 /* Listen_on_MacUITests.swift */,
				FC67C27624AF533100C41163 /* Info.plist */,
			);
			path = "Listen on MacUITests";
			sourceTree = "<group>";
		};
		FCBE778C24865A7600080BB5 /* SongReader */ = {
			isa = PBXGroup;
			children = (
				FC521D0D2479B06100D2AC82 /* Player.swift */,
				FC625AB42482B16400ED60BF /* Metablocks */,
				FCBE778A2486516200080BB5 /* Song.swift */,
				FCBE778624864D6E00080BB5 /* Flac.swift */,
				FCBE778824864FB600080BB5 /* NIOFileHandler+Extension.swift */,
				FC625ACD2483D4E800ED60BF /* URL+Coordiantor.swift */,
				FC625ABB2482B1F300ED60BF /* Array+Extensions.swift */,
				FC625ABD2482CB9600ED60BF /* PlayerEnum.swift */,
				FCFAC326251DF2AD00B36992 /* Song+iOS.swift */,
				FCFAC32D251DF30E00B36992 /* Song+macOS.swift */,
			);
			path = SongReader;
			sourceTree = "<group>";
		};
		FCFAC31E251DE91E00B36992 /* Views */ = {
			isa = PBXGroup;
			children = (
				FCFAC31F251DE96200B36992 /* AlbumGridView.swift */,
				FC521D0B2479A51B00D2AC82 /* MusicView.swift */,
			);
			path = Views;
			sourceTree = "<group>";
		};
/* End PBXGroup section */

/* Begin PBXNativeTarget section */
		FC521CD72479A46600D2AC82 /* iOS */ = {
			isa = PBXNativeTarget;
			buildConfigurationList = FC521D022479A46800D2AC82 /* Build configuration list for PBXNativeTarget "iOS" */;
			buildPhases = (
				FC521CD42479A46600D2AC82 /* Sources */,
				FC521CD52479A46600D2AC82 /* Frameworks */,
				FC521CD62479A46600D2AC82 /* Resources */,
				FC970BD4247F9F77002B1E97 /* Embed Frameworks */,
			);
			buildRules = (
			);
			dependencies = (
			);
			name = iOS;
			packageProductDependencies = (
				FCBE777F2485B27D00080BB5 /* NIO */,
				FCBE77812485B27D00080BB5 /* NIOFoundationCompat */,
				FCBE77842485B4E900080BB5 /* NIOTransportServices */,
				FCC0E5EF259B700B009CA70C /* Match */,
				FC46024A259C8F6900DC1C74 /* AsyncKit */,
			);
			productName = "Listen in Place";
			productReference = FC521CD82479A46600D2AC82 /* iOS.app */;
			productType = "com.apple.product-type.application";
		};
		FC521CED2479A46800D2AC82 /* Listen in PlaceTests */ = {
			isa = PBXNativeTarget;
			buildConfigurationList = FC521D052479A46800D2AC82 /* Build configuration list for PBXNativeTarget "Listen in PlaceTests" */;
			buildPhases = (
				FC521CEA2479A46800D2AC82 /* Sources */,
				FC521CEB2479A46800D2AC82 /* Frameworks */,
				FC521CEC2479A46800D2AC82 /* Resources */,
			);
			buildRules = (
			);
			dependencies = (
				FC521CF02479A46800D2AC82 /* PBXTargetDependency */,
			);
			name = "Listen in PlaceTests";
			productName = "Listen in PlaceTests";
			productReference = FC521CEE2479A46800D2AC82 /* Listen in PlaceTests.xctest */;
			productType = "com.apple.product-type.bundle.unit-test";
		};
		FC521CF82479A46800D2AC82 /* Listen in PlaceUITests */ = {
			isa = PBXNativeTarget;
			buildConfigurationList = FC521D082479A46800D2AC82 /* Build configuration list for PBXNativeTarget "Listen in PlaceUITests" */;
			buildPhases = (
				FC521CF52479A46800D2AC82 /* Sources */,
				FC521CF62479A46800D2AC82 /* Frameworks */,
				FC521CF72479A46800D2AC82 /* Resources */,
			);
			buildRules = (
			);
			dependencies = (
				FC521CFB2479A46800D2AC82 /* PBXTargetDependency */,
			);
			name = "Listen in PlaceUITests";
			productName = "Listen in PlaceUITests";
			productReference = FC521CF92479A46800D2AC82 /* Listen in PlaceUITests.xctest */;
			productType = "com.apple.product-type.bundle.ui-testing";
		};
		FC67C25324AF532C00C41163 /* macOS */ = {
			isa = PBXNativeTarget;
			buildConfigurationList = FC67C27724AF533100C41163 /* Build configuration list for PBXNativeTarget "macOS" */;
			buildPhases = (
				FC67C25024AF532C00C41163 /* Sources */,
				FC67C25124AF532C00C41163 /* Frameworks */,
				FC67C25224AF532C00C41163 /* Resources */,
			);
			buildRules = (
			);
			dependencies = (
			);
			name = macOS;
			packageProductDependencies = (
				FC00A0CE24CEFF8400497395 /* NIO */,
				FC00A0D024CEFF9000497395 /* NIOFoundationCompat */,
				FC00A0D224CEFF9C00497395 /* NIOTransportServices */,
			);
			productName = "Listen on Mac";
			productReference = FC67C25424AF532C00C41163 /* macOS.app */;
			productType = "com.apple.product-type.application";
		};
		FC67C26424AF533100C41163 /* Listen on MacTests */ = {
			isa = PBXNativeTarget;
			buildConfigurationList = FC67C27A24AF533100C41163 /* Build configuration list for PBXNativeTarget "Listen on MacTests" */;
			buildPhases = (
				FC67C26124AF533100C41163 /* Sources */,
				FC67C26224AF533100C41163 /* Frameworks */,
				FC67C26324AF533100C41163 /* Resources */,
			);
			buildRules = (
			);
			dependencies = (
				FC67C26724AF533100C41163 /* PBXTargetDependency */,
			);
			name = "Listen on MacTests";
			productName = "Listen on MacTests";
			productReference = FC67C26524AF533100C41163 /* Listen on MacTests.xctest */;
			productType = "com.apple.product-type.bundle.unit-test";
		};
		FC67C26F24AF533100C41163 /* Listen on MacUITests */ = {
			isa = PBXNativeTarget;
			buildConfigurationList = FC67C27D24AF533100C41163 /* Build configuration list for PBXNativeTarget "Listen on MacUITests" */;
			buildPhases = (
				FC67C26C24AF533100C41163 /* Sources */,
				FC67C26D24AF533100C41163 /* Frameworks */,
				FC67C26E24AF533100C41163 /* Resources */,
			);
			buildRules = (
			);
			dependencies = (
				FC67C27224AF533100C41163 /* PBXTargetDependency */,
			);
			name = "Listen on MacUITests";
			productName = "Listen on MacUITests";
			productReference = FC67C27024AF533100C41163 /* Listen on MacUITests.xctest */;
			productType = "com.apple.product-type.bundle.ui-testing";
		};
/* End PBXNativeTarget section */

/* Begin PBXProject section */
		FC521CD02479A46600D2AC82 /* Project object */ = {
			isa = PBXProject;
			attributes = {
				LastSwiftUpdateCheck = 1200;
				LastUpgradeCheck = 1200;
				ORGANIZATIONNAME = "Bastian Inuk Christensen";
				TargetAttributes = {
					FC521CD72479A46600D2AC82 = {
						CreatedOnToolsVersion = 11.5;
						LastSwiftMigration = 1150;
					};
					FC521CED2479A46800D2AC82 = {
						CreatedOnToolsVersion = 11.5;
						TestTargetID = FC521CD72479A46600D2AC82;
					};
					FC521CF82479A46800D2AC82 = {
						CreatedOnToolsVersion = 11.5;
						TestTargetID = FC521CD72479A46600D2AC82;
					};
					FC67C25324AF532C00C41163 = {
						CreatedOnToolsVersion = 12.0;
					};
					FC67C26424AF533100C41163 = {
						CreatedOnToolsVersion = 12.0;
						TestTargetID = FC67C25324AF532C00C41163;
					};
					FC67C26F24AF533100C41163 = {
						CreatedOnToolsVersion = 12.0;
						TestTargetID = FC67C25324AF532C00C41163;
					};
				};
			};
			buildConfigurationList = FC521CD32479A46600D2AC82 /* Build configuration list for PBXProject "Listen in Place" */;
			compatibilityVersion = "Xcode 9.3";
			developmentRegion = en;
			hasScannedForEncodings = 0;
			knownRegions = (
				en,
				Base,
			);
			mainGroup = FC521CCF2479A46600D2AC82;
			packageReferences = (
				FCBE777E2485B27D00080BB5 /* XCRemoteSwiftPackageReference "swift-nio" */,
				FCBE77832485B4E900080BB5 /* XCRemoteSwiftPackageReference "swift-nio-transport-services" */,
				FCC0E5EE259B700B009CA70C /* XCRemoteSwiftPackageReference "Swift-Match" */,
				FC460249259C8F6900DC1C74 /* XCRemoteSwiftPackageReference "async-kit" */,
			);
			productRefGroup = FC521CD92479A46600D2AC82 /* Products */;
			projectDirPath = "";
			projectRoot = "";
			targets = (
				FC521CD72479A46600D2AC82 /* iOS */,
				FC67C25324AF532C00C41163 /* macOS */,
				FC521CED2479A46800D2AC82 /* Listen in PlaceTests */,
				FC521CF82479A46800D2AC82 /* Listen in PlaceUITests */,
				FC67C26424AF533100C41163 /* Listen on MacTests */,
				FC67C26F24AF533100C41163 /* Listen on MacUITests */,
			);
		};
/* End PBXProject section */

/* Begin PBXResourcesBuildPhase section */
		FC521CD62479A46600D2AC82 /* Resources */ = {
			isa = PBXResourcesBuildPhase;
			buildActionMask = 2147483647;
			files = (
				FCF396D224FB7A260051AB6E /* Launch Screen.storyboard in Resources */,
				FC521CE52479A46800D2AC82 /* Preview Assets.xcassets in Resources */,
				FC521CE22479A46800D2AC82 /* Assets.xcassets in Resources */,
			);
			runOnlyForDeploymentPostprocessing = 0;
		};
		FC521CEC2479A46800D2AC82 /* Resources */ = {
			isa = PBXResourcesBuildPhase;
			buildActionMask = 2147483647;
			files = (
			);
			runOnlyForDeploymentPostprocessing = 0;
		};
		FC521CF72479A46800D2AC82 /* Resources */ = {
			isa = PBXResourcesBuildPhase;
			buildActionMask = 2147483647;
			files = (
			);
			runOnlyForDeploymentPostprocessing = 0;
		};
		FC67C25224AF532C00C41163 /* Resources */ = {
			isa = PBXResourcesBuildPhase;
			buildActionMask = 2147483647;
			files = (
				FC67C25B24AF533100C41163 /* Assets.xcassets in Resources */,
			);
			runOnlyForDeploymentPostprocessing = 0;
		};
		FC67C26324AF533100C41163 /* Resources */ = {
			isa = PBXResourcesBuildPhase;
			buildActionMask = 2147483647;
			files = (
			);
			runOnlyForDeploymentPostprocessing = 0;
		};
		FC67C26E24AF533100C41163 /* Resources */ = {
			isa = PBXResourcesBuildPhase;
			buildActionMask = 2147483647;
			files = (
			);
			runOnlyForDeploymentPostprocessing = 0;
		};
/* End PBXResourcesBuildPhase section */

/* Begin PBXSourcesBuildPhase section */
		FC521CD42479A46600D2AC82 /* Sources */ = {
			isa = PBXSourcesBuildPhase;
			buildActionMask = 2147483647;
			files = (
				FCC94AC6247A979B00DCFD25 /* AirPlayButton.swift in Sources */,
				FCBE778724864D6E00080BB5 /* Flac.swift in Sources */,
				FC625ACE2483D4E800ED60BF /* URL+Coordiantor.swift in Sources */,
				FC625ABA2482B1BD00ED60BF /* Picture.swift in Sources */,
				FC521D0C2479A51B00D2AC82 /* MusicView.swift in Sources */,
				FC625AD02484128700ED60BF /* VorbisComment.swift in Sources */,
				FC521D0E2479B06100D2AC82 /* Player.swift in Sources */,
				FC625AC12483021B00ED60BF /* Songs.xcdatamodeld in Sources */,
				FCFAC320251DE96200B36992 /* AlbumGridView.swift in Sources */,
				FC06D5AE248BB4270041E794 /* ArrayBiggerThan.swift in Sources */,
				FC625AB62482B17600ED60BF /* Metablock.swift in Sources */,
				FC625ABC2482B1F300ED60BF /* Array+Extensions.swift in Sources */,
				FC625AB82482B19600ED60BF /* Streaminginfo.swift in Sources */,
				FCBE778924864FB600080BB5 /* NIOFileHandler+Extension.swift in Sources */,
				FCBE778B2486516200080BB5 /* Song.swift in Sources */,
				FC67C28024AF537E00C41163 /* ListenInPlace.swift in Sources */,
				FC521CE02479A46600D2AC82 /* ContentView.swift in Sources */,
				FC625ABE2482CB9600ED60BF /* PlayerEnum.swift in Sources */,
				FCFAC327251DF2AE00B36992 /* Song+iOS.swift in Sources */,
			);
			runOnlyForDeploymentPostprocessing = 0;
		};
		FC521CEA2479A46800D2AC82 /* Sources */ = {
			isa = PBXSourcesBuildPhase;
			buildActionMask = 2147483647;
			files = (
				FC521CF32479A46800D2AC82 /* Listen_in_PlaceTests.swift in Sources */,
			);
			runOnlyForDeploymentPostprocessing = 0;
		};
		FC521CF52479A46800D2AC82 /* Sources */ = {
			isa = PBXSourcesBuildPhase;
			buildActionMask = 2147483647;
			files = (
				FC521CFE2479A46800D2AC82 /* Listen_in_PlaceUITests.swift in Sources */,
			);
			runOnlyForDeploymentPostprocessing = 0;
		};
		FC67C25024AF532C00C41163 /* Sources */ = {
			isa = PBXSourcesBuildPhase;
			buildActionMask = 2147483647;
			files = (
				FCF396C524F9A5A20051AB6E /* Picture.swift in Sources */,
				FC00A0C324CEFEDF00497395 /* Song.swift in Sources */,
				FCF396CF24F9B3EB0051AB6E /* Songs+CoreDataClass.swift in Sources */,
				FC00A0C724CEFEE800497395 /* Array+Extensions.swift in Sources */,
				FC00A0CA24CEFEFD00497395 /* AirPlayButton.swift in Sources */,
				FCF396D024F9B3EB0051AB6E /* Songs+CoreDataProperties.swift in Sources */,
				FCF396C624F9A5A50051AB6E /* VorbisComment.swift in Sources */,
				FC00A0CC24CEFF0B00497395 /* Songs.xcdatamodeld in Sources */,
				FC67C28124AF53BE00C41163 /* ListenInPlace.swift in Sources */,
				FC00A0C124CEFEC800497395 /* ContentView.swift in Sources */,
				FC00A0C624CEFEE500497395 /* URL+Coordiantor.swift in Sources */,
				FC00A0C224CEFEDC00497395 /* Player.swift in Sources */,
				FCFAC32E251DF30E00B36992 /* Song+macOS.swift in Sources */,
				FC00A0C524CEFEE300497395 /* NIOFileHandler+Extension.swift in Sources */,
				FC00A0CD24CEFF0E00497395 /* ArrayBiggerThan.swift in Sources */,
				FCF396C324F9A59B0051AB6E /* Metablock.swift in Sources */,
				FC00A0C824CEFEEB00497395 /* PlayerEnum.swift in Sources */,
				FCF396C424F9A5A00051AB6E /* Streaminginfo.swift in Sources */,
				FC00A0C424CEFEE100497395 /* Flac.swift in Sources */,
			);
			runOnlyForDeploymentPostprocessing = 0;
		};
		FC67C26124AF533100C41163 /* Sources */ = {
			isa = PBXSourcesBuildPhase;
			buildActionMask = 2147483647;
			files = (
				FC67C26A24AF533100C41163 /* Listen_on_MacTests.swift in Sources */,
			);
			runOnlyForDeploymentPostprocessing = 0;
		};
		FC67C26C24AF533100C41163 /* Sources */ = {
			isa = PBXSourcesBuildPhase;
			buildActionMask = 2147483647;
			files = (
				FC67C27524AF533100C41163 /* Listen_on_MacUITests.swift in Sources */,
			);
			runOnlyForDeploymentPostprocessing = 0;
		};
/* End PBXSourcesBuildPhase section */

/* Begin PBXTargetDependency section */
		FC521CF02479A46800D2AC82 /* PBXTargetDependency */ = {
			isa = PBXTargetDependency;
			target = FC521CD72479A46600D2AC82 /* iOS */;
			targetProxy = FC521CEF2479A46800D2AC82 /* PBXContainerItemProxy */;
		};
		FC521CFB2479A46800D2AC82 /* PBXTargetDependency */ = {
			isa = PBXTargetDependency;
			target = FC521CD72479A46600D2AC82 /* iOS */;
			targetProxy = FC521CFA2479A46800D2AC82 /* PBXContainerItemProxy */;
		};
		FC67C26724AF533100C41163 /* PBXTargetDependency */ = {
			isa = PBXTargetDependency;
			target = FC67C25324AF532C00C41163 /* macOS */;
			targetProxy = FC67C26624AF533100C41163 /* PBXContainerItemProxy */;
		};
		FC67C27224AF533100C41163 /* PBXTargetDependency */ = {
			isa = PBXTargetDependency;
			target = FC67C25324AF532C00C41163 /* macOS */;
			targetProxy = FC67C27124AF533100C41163 /* PBXContainerItemProxy */;
		};
/* End PBXTargetDependency section */

/* Begin XCBuildConfiguration section */
		FC521D002479A46800D2AC82 /* Debug */ = {
			isa = XCBuildConfiguration;
			buildSettings = {
				ALWAYS_SEARCH_USER_PATHS = NO;
				CLANG_ANALYZER_NONNULL = YES;
				CLANG_ANALYZER_NUMBER_OBJECT_CONVERSION = YES_AGGRESSIVE;
				CLANG_CXX_LANGUAGE_STANDARD = "gnu++14";
				CLANG_CXX_LIBRARY = "libc++";
				CLANG_ENABLE_MODULES = YES;
				CLANG_ENABLE_OBJC_ARC = YES;
				CLANG_ENABLE_OBJC_WEAK = YES;
				CLANG_WARN_BLOCK_CAPTURE_AUTORELEASING = YES;
				CLANG_WARN_BOOL_CONVERSION = YES;
				CLANG_WARN_COMMA = YES;
				CLANG_WARN_CONSTANT_CONVERSION = YES;
				CLANG_WARN_DEPRECATED_OBJC_IMPLEMENTATIONS = YES;
				CLANG_WARN_DIRECT_OBJC_ISA_USAGE = YES_ERROR;
				CLANG_WARN_DOCUMENTATION_COMMENTS = YES;
				CLANG_WARN_EMPTY_BODY = YES;
				CLANG_WARN_ENUM_CONVERSION = YES;
				CLANG_WARN_INFINITE_RECURSION = YES;
				CLANG_WARN_INT_CONVERSION = YES;
				CLANG_WARN_NON_LITERAL_NULL_CONVERSION = YES;
				CLANG_WARN_OBJC_IMPLICIT_RETAIN_SELF = YES;
				CLANG_WARN_OBJC_LITERAL_CONVERSION = YES;
				CLANG_WARN_OBJC_ROOT_CLASS = YES_ERROR;
				CLANG_WARN_QUOTED_INCLUDE_IN_FRAMEWORK_HEADER = YES;
				CLANG_WARN_RANGE_LOOP_ANALYSIS = YES;
				CLANG_WARN_STRICT_PROTOTYPES = YES;
				CLANG_WARN_SUSPICIOUS_MOVE = YES;
				CLANG_WARN_UNGUARDED_AVAILABILITY = YES_AGGRESSIVE;
				CLANG_WARN_UNREACHABLE_CODE = YES;
				CLANG_WARN__DUPLICATE_METHOD_MATCH = YES;
				COPY_PHASE_STRIP = NO;
				DEBUG_INFORMATION_FORMAT = dwarf;
				ENABLE_STRICT_OBJC_MSGSEND = YES;
				ENABLE_TESTABILITY = YES;
				GCC_C_LANGUAGE_STANDARD = gnu11;
				GCC_DYNAMIC_NO_PIC = NO;
				GCC_NO_COMMON_BLOCKS = YES;
				GCC_OPTIMIZATION_LEVEL = 0;
				GCC_PREPROCESSOR_DEFINITIONS = (
					"DEBUG=1",
					"$(inherited)",
				);
				GCC_WARN_64_TO_32_BIT_CONVERSION = YES;
				GCC_WARN_ABOUT_RETURN_TYPE = YES_ERROR;
				GCC_WARN_UNDECLARED_SELECTOR = YES;
				GCC_WARN_UNINITIALIZED_AUTOS = YES_AGGRESSIVE;
				GCC_WARN_UNUSED_FUNCTION = YES;
				GCC_WARN_UNUSED_VARIABLE = YES;
				IPHONEOS_DEPLOYMENT_TARGET = 14.0;
				MACOSX_DEPLOYMENT_TARGET = 10.16;
				MTL_ENABLE_DEBUG_INFO = INCLUDE_SOURCE;
				MTL_FAST_MATH = YES;
				ONLY_ACTIVE_ARCH = YES;
				SDKROOT = iphoneos;
				SWIFT_ACTIVE_COMPILATION_CONDITIONS = DEBUG;
				SWIFT_OPTIMIZATION_LEVEL = "-Onone";
			};
			name = Debug;
		};
		FC521D012479A46800D2AC82 /* Release */ = {
			isa = XCBuildConfiguration;
			buildSettings = {
				ALWAYS_SEARCH_USER_PATHS = NO;
				CLANG_ANALYZER_NONNULL = YES;
				CLANG_ANALYZER_NUMBER_OBJECT_CONVERSION = YES_AGGRESSIVE;
				CLANG_CXX_LANGUAGE_STANDARD = "gnu++14";
				CLANG_CXX_LIBRARY = "libc++";
				CLANG_ENABLE_MODULES = YES;
				CLANG_ENABLE_OBJC_ARC = YES;
				CLANG_ENABLE_OBJC_WEAK = YES;
				CLANG_WARN_BLOCK_CAPTURE_AUTORELEASING = YES;
				CLANG_WARN_BOOL_CONVERSION = YES;
				CLANG_WARN_COMMA = YES;
				CLANG_WARN_CONSTANT_CONVERSION = YES;
				CLANG_WARN_DEPRECATED_OBJC_IMPLEMENTATIONS = YES;
				CLANG_WARN_DIRECT_OBJC_ISA_USAGE = YES_ERROR;
				CLANG_WARN_DOCUMENTATION_COMMENTS = YES;
				CLANG_WARN_EMPTY_BODY = YES;
				CLANG_WARN_ENUM_CONVERSION = YES;
				CLANG_WARN_INFINITE_RECURSION = YES;
				CLANG_WARN_INT_CONVERSION = YES;
				CLANG_WARN_NON_LITERAL_NULL_CONVERSION = YES;
				CLANG_WARN_OBJC_IMPLICIT_RETAIN_SELF = YES;
				CLANG_WARN_OBJC_LITERAL_CONVERSION = YES;
				CLANG_WARN_OBJC_ROOT_CLASS = YES_ERROR;
				CLANG_WARN_QUOTED_INCLUDE_IN_FRAMEWORK_HEADER = YES;
				CLANG_WARN_RANGE_LOOP_ANALYSIS = YES;
				CLANG_WARN_STRICT_PROTOTYPES = YES;
				CLANG_WARN_SUSPICIOUS_MOVE = YES;
				CLANG_WARN_UNGUARDED_AVAILABILITY = YES_AGGRESSIVE;
				CLANG_WARN_UNREACHABLE_CODE = YES;
				CLANG_WARN__DUPLICATE_METHOD_MATCH = YES;
				COPY_PHASE_STRIP = NO;
				DEBUG_INFORMATION_FORMAT = "dwarf-with-dsym";
				ENABLE_NS_ASSERTIONS = NO;
				ENABLE_STRICT_OBJC_MSGSEND = YES;
				GCC_C_LANGUAGE_STANDARD = gnu11;
				GCC_NO_COMMON_BLOCKS = YES;
				GCC_WARN_64_TO_32_BIT_CONVERSION = YES;
				GCC_WARN_ABOUT_RETURN_TYPE = YES_ERROR;
				GCC_WARN_UNDECLARED_SELECTOR = YES;
				GCC_WARN_UNINITIALIZED_AUTOS = YES_AGGRESSIVE;
				GCC_WARN_UNUSED_FUNCTION = YES;
				GCC_WARN_UNUSED_VARIABLE = YES;
				IPHONEOS_DEPLOYMENT_TARGET = 14.0;
				MACOSX_DEPLOYMENT_TARGET = 10.16;
				MTL_ENABLE_DEBUG_INFO = NO;
				MTL_FAST_MATH = YES;
				SDKROOT = iphoneos;
				SWIFT_COMPILATION_MODE = wholemodule;
				SWIFT_OPTIMIZATION_LEVEL = "-O";
				VALIDATE_PRODUCT = YES;
			};
			name = Release;
		};
		FC521D032479A46800D2AC82 /* Debug */ = {
			isa = XCBuildConfiguration;
			buildSettings = {
				ASSETCATALOG_COMPILER_APPICON_NAME = AppIcon;
				CLANG_ENABLE_MODULES = YES;
				CODE_SIGN_STYLE = Automatic;
				CURRENT_PROJECT_VERSION = 8;
				DEVELOPMENT_ASSET_PATHS = "\"Shared/Preview Content\"";
				DEVELOPMENT_TEAM = 2D7T23VV7R;
				ENABLE_PREVIEWS = YES;
				FRAMEWORK_SEARCH_PATHS = (
					"$(inherited)",
					"$(PROJECT_DIR)",
				);
				INFOPLIST_FILE = iOS/Info.plist;
				IPHONEOS_DEPLOYMENT_TARGET = 14.0;
				LD_RUNPATH_SEARCH_PATHS = (
					"$(inherited)",
					"@executable_path/Frameworks",
				);
				PRODUCT_BUNDLE_IDENTIFIER = "app.inuk.list-in-place";
				PRODUCT_NAME = "$(TARGET_NAME)";
				SWIFT_INCLUDE_PATHS = "$(SRCROOT)";
				SWIFT_INSTALL_OBJC_HEADER = NO;
				SWIFT_OBJC_INTERFACE_HEADER_NAME = "";
				SWIFT_OPTIMIZATION_LEVEL = "-Onone";
				SWIFT_VERSION = 5.0;
				TARGETED_DEVICE_FAMILY = "1,2";
			};
			name = Debug;
		};
		FC521D042479A46800D2AC82 /* Release */ = {
			isa = XCBuildConfiguration;
			buildSettings = {
				ASSETCATALOG_COMPILER_APPICON_NAME = AppIcon;
				CLANG_ENABLE_MODULES = YES;
				CODE_SIGN_STYLE = Automatic;
				CURRENT_PROJECT_VERSION = 8;
				DEVELOPMENT_ASSET_PATHS = "\"Shared/Preview Content\"";
				DEVELOPMENT_TEAM = 2D7T23VV7R;
				ENABLE_PREVIEWS = YES;
				FRAMEWORK_SEARCH_PATHS = (
					"$(inherited)",
					"$(PROJECT_DIR)",
				);
				INFOPLIST_FILE = iOS/Info.plist;
				IPHONEOS_DEPLOYMENT_TARGET = 14.0;
				LD_RUNPATH_SEARCH_PATHS = (
					"$(inherited)",
					"@executable_path/Frameworks",
				);
				PRODUCT_BUNDLE_IDENTIFIER = "app.inuk.list-in-place";
				PRODUCT_NAME = "$(TARGET_NAME)";
				SWIFT_INCLUDE_PATHS = "$(SRCROOT)";
				SWIFT_INSTALL_OBJC_HEADER = NO;
				SWIFT_OBJC_INTERFACE_HEADER_NAME = "";
				SWIFT_VERSION = 5.0;
				TARGETED_DEVICE_FAMILY = "1,2";
			};
			name = Release;
		};
		FC521D062479A46800D2AC82 /* Debug */ = {
			isa = XCBuildConfiguration;
			buildSettings = {
				ALWAYS_EMBED_SWIFT_STANDARD_LIBRARIES = YES;
				BUNDLE_LOADER = "$(TEST_HOST)";
				"CODE_SIGN_IDENTITY[sdk=macosx*]" = "Apple Development";
				CODE_SIGN_STYLE = Automatic;
				DEVELOPMENT_TEAM = 2D7T23VV7R;
				INFOPLIST_FILE = "Listen in PlaceTests/Info.plist";
				IPHONEOS_DEPLOYMENT_TARGET = 13.5;
				LD_RUNPATH_SEARCH_PATHS = (
					"$(inherited)",
					"@executable_path/Frameworks",
					"@loader_path/Frameworks",
				);
				PRODUCT_BUNDLE_IDENTIFIER = "app.inuk.Listen-in-PlaceTests";
				PRODUCT_NAME = "$(TARGET_NAME)";
				SWIFT_VERSION = 5.0;
				TARGETED_DEVICE_FAMILY = "1,2";
				TEST_HOST = "$(BUILT_PRODUCTS_DIR)/Listen in Place.app/Listen in Place";
			};
			name = Debug;
		};
		FC521D072479A46800D2AC82 /* Release */ = {
			isa = XCBuildConfiguration;
			buildSettings = {
				ALWAYS_EMBED_SWIFT_STANDARD_LIBRARIES = YES;
				BUNDLE_LOADER = "$(TEST_HOST)";
				"CODE_SIGN_IDENTITY[sdk=macosx*]" = "Apple Development";
				CODE_SIGN_STYLE = Automatic;
				DEVELOPMENT_TEAM = 2D7T23VV7R;
				INFOPLIST_FILE = "Listen in PlaceTests/Info.plist";
				IPHONEOS_DEPLOYMENT_TARGET = 13.5;
				LD_RUNPATH_SEARCH_PATHS = (
					"$(inherited)",
					"@executable_path/Frameworks",
					"@loader_path/Frameworks",
				);
				PRODUCT_BUNDLE_IDENTIFIER = "app.inuk.Listen-in-PlaceTests";
				PRODUCT_NAME = "$(TARGET_NAME)";
				SWIFT_VERSION = 5.0;
				TARGETED_DEVICE_FAMILY = "1,2";
				TEST_HOST = "$(BUILT_PRODUCTS_DIR)/Listen in Place.app/Listen in Place";
			};
			name = Release;
		};
		FC521D092479A46800D2AC82 /* Debug */ = {
			isa = XCBuildConfiguration;
			buildSettings = {
				ALWAYS_EMBED_SWIFT_STANDARD_LIBRARIES = YES;
				CODE_SIGN_STYLE = Automatic;
				DEVELOPMENT_TEAM = 2D7T23VV7R;
				INFOPLIST_FILE = "Listen in PlaceUITests/Info.plist";
				LD_RUNPATH_SEARCH_PATHS = (
					"$(inherited)",
					"@executable_path/Frameworks",
					"@loader_path/Frameworks",
				);
				PRODUCT_BUNDLE_IDENTIFIER = "app.inuk.Listen-in-PlaceUITests";
				PRODUCT_NAME = "$(TARGET_NAME)";
				SWIFT_VERSION = 5.0;
				TARGETED_DEVICE_FAMILY = "1,2";
				TEST_TARGET_NAME = "Listen in Place";
			};
			name = Debug;
		};
		FC521D0A2479A46800D2AC82 /* Release */ = {
			isa = XCBuildConfiguration;
			buildSettings = {
				ALWAYS_EMBED_SWIFT_STANDARD_LIBRARIES = YES;
				CODE_SIGN_STYLE = Automatic;
				DEVELOPMENT_TEAM = 2D7T23VV7R;
				INFOPLIST_FILE = "Listen in PlaceUITests/Info.plist";
				LD_RUNPATH_SEARCH_PATHS = (
					"$(inherited)",
					"@executable_path/Frameworks",
					"@loader_path/Frameworks",
				);
				PRODUCT_BUNDLE_IDENTIFIER = "app.inuk.Listen-in-PlaceUITests";
				PRODUCT_NAME = "$(TARGET_NAME)";
				SWIFT_VERSION = 5.0;
				TARGETED_DEVICE_FAMILY = "1,2";
				TEST_TARGET_NAME = "Listen in Place";
			};
			name = Release;
		};
		FC67C27824AF533100C41163 /* Debug */ = {
			isa = XCBuildConfiguration;
			buildSettings = {
				ASSETCATALOG_COMPILER_APPICON_NAME = AppIcon;
				ASSETCATALOG_COMPILER_GLOBAL_ACCENT_COLOR_NAME = AccentColor;
				CLANG_WARN_QUOTED_INCLUDE_IN_FRAMEWORK_HEADER = YES;
				CODE_SIGN_ENTITLEMENTS = macOS/Listen_on_Mac.entitlements;
				CODE_SIGN_IDENTITY = "-";
				CODE_SIGN_STYLE = Automatic;
				COMBINE_HIDPI_IMAGES = YES;
				DEVELOPMENT_ASSET_PATHS = "\"Shared/Preview Content\"";
				DEVELOPMENT_TEAM = 2D7T23VV7R;
				ENABLE_HARDENED_RUNTIME = YES;
				ENABLE_PREVIEWS = YES;
				INFOPLIST_FILE = macOS/Info.plist;
				LD_RUNPATH_SEARCH_PATHS = (
					"$(inherited)",
					"@executable_path/../Frameworks",
				);
				MACOSX_DEPLOYMENT_TARGET = 10.16;
				PRODUCT_BUNDLE_IDENTIFIER = "app.inuk.list-in-place";
				PRODUCT_NAME = "$(TARGET_NAME)";
				SDKROOT = macosx;
				SWIFT_VERSION = 5.0;
			};
			name = Debug;
		};
		FC67C27924AF533100C41163 /* Release */ = {
			isa = XCBuildConfiguration;
			buildSettings = {
				ASSETCATALOG_COMPILER_APPICON_NAME = AppIcon;
				ASSETCATALOG_COMPILER_GLOBAL_ACCENT_COLOR_NAME = AccentColor;
				CLANG_WARN_QUOTED_INCLUDE_IN_FRAMEWORK_HEADER = YES;
				CODE_SIGN_ENTITLEMENTS = macOS/Listen_on_Mac.entitlements;
				CODE_SIGN_IDENTITY = "-";
				CODE_SIGN_STYLE = Automatic;
				COMBINE_HIDPI_IMAGES = YES;
				DEVELOPMENT_ASSET_PATHS = "\"Shared/Preview Content\"";
				DEVELOPMENT_TEAM = 2D7T23VV7R;
				ENABLE_HARDENED_RUNTIME = YES;
				ENABLE_PREVIEWS = YES;
				INFOPLIST_FILE = macOS/Info.plist;
				LD_RUNPATH_SEARCH_PATHS = (
					"$(inherited)",
					"@executable_path/../Frameworks",
				);
				MACOSX_DEPLOYMENT_TARGET = 10.16;
				PRODUCT_BUNDLE_IDENTIFIER = "app.inuk.list-in-place";
				PRODUCT_NAME = "$(TARGET_NAME)";
				SDKROOT = macosx;
				SWIFT_VERSION = 5.0;
			};
			name = Release;
		};
		FC67C27B24AF533100C41163 /* Debug */ = {
			isa = XCBuildConfiguration;
			buildSettings = {
				ALWAYS_EMBED_SWIFT_STANDARD_LIBRARIES = YES;
				BUNDLE_LOADER = "$(TEST_HOST)";
				CLANG_WARN_QUOTED_INCLUDE_IN_FRAMEWORK_HEADER = YES;
				CODE_SIGN_STYLE = Automatic;
				COMBINE_HIDPI_IMAGES = YES;
				DEVELOPMENT_TEAM = 2D7T23VV7R;
				INFOPLIST_FILE = "Listen on MacTests/Info.plist";
				LD_RUNPATH_SEARCH_PATHS = (
					"$(inherited)",
					"@executable_path/../Frameworks",
					"@loader_path/../Frameworks",
				);
				MACOSX_DEPLOYMENT_TARGET = 10.16;
				PRODUCT_BUNDLE_IDENTIFIER = "app.inuk.Listen-on-MacTests";
				PRODUCT_NAME = "$(TARGET_NAME)";
				SDKROOT = macosx;
				SWIFT_VERSION = 5.0;
				TEST_HOST = "$(BUILT_PRODUCTS_DIR)/Listen on Mac.app/Contents/MacOS/Listen on Mac";
			};
			name = Debug;
		};
		FC67C27C24AF533100C41163 /* Release */ = {
			isa = XCBuildConfiguration;
			buildSettings = {
				ALWAYS_EMBED_SWIFT_STANDARD_LIBRARIES = YES;
				BUNDLE_LOADER = "$(TEST_HOST)";
				CLANG_WARN_QUOTED_INCLUDE_IN_FRAMEWORK_HEADER = YES;
				CODE_SIGN_STYLE = Automatic;
				COMBINE_HIDPI_IMAGES = YES;
				DEVELOPMENT_TEAM = 2D7T23VV7R;
				INFOPLIST_FILE = "Listen on MacTests/Info.plist";
				LD_RUNPATH_SEARCH_PATHS = (
					"$(inherited)",
					"@executable_path/../Frameworks",
					"@loader_path/../Frameworks",
				);
				MACOSX_DEPLOYMENT_TARGET = 10.16;
				PRODUCT_BUNDLE_IDENTIFIER = "app.inuk.Listen-on-MacTests";
				PRODUCT_NAME = "$(TARGET_NAME)";
				SDKROOT = macosx;
				SWIFT_VERSION = 5.0;
				TEST_HOST = "$(BUILT_PRODUCTS_DIR)/Listen on Mac.app/Contents/MacOS/Listen on Mac";
			};
			name = Release;
		};
		FC67C27E24AF533100C41163 /* Debug */ = {
			isa = XCBuildConfiguration;
			buildSettings = {
				ALWAYS_EMBED_SWIFT_STANDARD_LIBRARIES = YES;
				CLANG_WARN_QUOTED_INCLUDE_IN_FRAMEWORK_HEADER = YES;
				CODE_SIGN_STYLE = Automatic;
				COMBINE_HIDPI_IMAGES = YES;
				DEVELOPMENT_TEAM = 2D7T23VV7R;
				INFOPLIST_FILE = "Listen on MacUITests/Info.plist";
				LD_RUNPATH_SEARCH_PATHS = (
					"$(inherited)",
					"@executable_path/../Frameworks",
					"@loader_path/../Frameworks",
				);
				MACOSX_DEPLOYMENT_TARGET = 10.16;
				PRODUCT_BUNDLE_IDENTIFIER = "app.inuk.Listen-on-MacUITests";
				PRODUCT_NAME = "$(TARGET_NAME)";
				SDKROOT = macosx;
				SWIFT_VERSION = 5.0;
				TEST_TARGET_NAME = "Listen on Mac";
			};
			name = Debug;
		};
		FC67C27F24AF533100C41163 /* Release */ = {
			isa = XCBuildConfiguration;
			buildSettings = {
				ALWAYS_EMBED_SWIFT_STANDARD_LIBRARIES = YES;
				CLANG_WARN_QUOTED_INCLUDE_IN_FRAMEWORK_HEADER = YES;
				CODE_SIGN_STYLE = Automatic;
				COMBINE_HIDPI_IMAGES = YES;
				DEVELOPMENT_TEAM = 2D7T23VV7R;
				INFOPLIST_FILE = "Listen on MacUITests/Info.plist";
				LD_RUNPATH_SEARCH_PATHS = (
					"$(inherited)",
					"@executable_path/../Frameworks",
					"@loader_path/../Frameworks",
				);
				MACOSX_DEPLOYMENT_TARGET = 10.16;
				PRODUCT_BUNDLE_IDENTIFIER = "app.inuk.Listen-on-MacUITests";
				PRODUCT_NAME = "$(TARGET_NAME)";
				SDKROOT = macosx;
				SWIFT_VERSION = 5.0;
				TEST_TARGET_NAME = "Listen on Mac";
			};
			name = Release;
		};
/* End XCBuildConfiguration section */

/* Begin XCConfigurationList section */
		FC521CD32479A46600D2AC82 /* Build configuration list for PBXProject "Listen in Place" */ = {
			isa = XCConfigurationList;
			buildConfigurations = (
				FC521D002479A46800D2AC82 /* Debug */,
				FC521D012479A46800D2AC82 /* Release */,
			);
			defaultConfigurationIsVisible = 0;
			defaultConfigurationName = Release;
		};
		FC521D022479A46800D2AC82 /* Build configuration list for PBXNativeTarget "iOS" */ = {
			isa = XCConfigurationList;
			buildConfigurations = (
				FC521D032479A46800D2AC82 /* Debug */,
				FC521D042479A46800D2AC82 /* Release */,
			);
			defaultConfigurationIsVisible = 0;
			defaultConfigurationName = Release;
		};
		FC521D052479A46800D2AC82 /* Build configuration list for PBXNativeTarget "Listen in PlaceTests" */ = {
			isa = XCConfigurationList;
			buildConfigurations = (
				FC521D062479A46800D2AC82 /* Debug */,
				FC521D072479A46800D2AC82 /* Release */,
			);
			defaultConfigurationIsVisible = 0;
			defaultConfigurationName = Release;
		};
		FC521D082479A46800D2AC82 /* Build configuration list for PBXNativeTarget "Listen in PlaceUITests" */ = {
			isa = XCConfigurationList;
			buildConfigurations = (
				FC521D092479A46800D2AC82 /* Debug */,
				FC521D0A2479A46800D2AC82 /* Release */,
			);
			defaultConfigurationIsVisible = 0;
			defaultConfigurationName = Release;
		};
		FC67C27724AF533100C41163 /* Build configuration list for PBXNativeTarget "macOS" */ = {
			isa = XCConfigurationList;
			buildConfigurations = (
				FC67C27824AF533100C41163 /* Debug */,
				FC67C27924AF533100C41163 /* Release */,
			);
			defaultConfigurationIsVisible = 0;
			defaultConfigurationName = Release;
		};
		FC67C27A24AF533100C41163 /* Build configuration list for PBXNativeTarget "Listen on MacTests" */ = {
			isa = XCConfigurationList;
			buildConfigurations = (
				FC67C27B24AF533100C41163 /* Debug */,
				FC67C27C24AF533100C41163 /* Release */,
			);
			defaultConfigurationIsVisible = 0;
			defaultConfigurationName = Release;
		};
		FC67C27D24AF533100C41163 /* Build configuration list for PBXNativeTarget "Listen on MacUITests" */ = {
			isa = XCConfigurationList;
			buildConfigurations = (
				FC67C27E24AF533100C41163 /* Debug */,
				FC67C27F24AF533100C41163 /* Release */,
			);
			defaultConfigurationIsVisible = 0;
			defaultConfigurationName = Release;
		};
/* End XCConfigurationList section */

/* Begin XCRemoteSwiftPackageReference section */
		FC460249259C8F6900DC1C74 /* XCRemoteSwiftPackageReference "async-kit" */ = {
			isa = XCRemoteSwiftPackageReference;
			repositoryURL = "git@github.com:vapor/async-kit.git";
			requirement = {
				kind = upToNextMajorVersion;
				minimumVersion = 1.3.0;
			};
		};
		FCBE777E2485B27D00080BB5 /* XCRemoteSwiftPackageReference "swift-nio" */ = {
			isa = XCRemoteSwiftPackageReference;
			repositoryURL = "https://github.com/apple/swift-nio";
			requirement = {
				kind = upToNextMajorVersion;
				minimumVersion = 2.17.0;
			};
		};
		FCBE77832485B4E900080BB5 /* XCRemoteSwiftPackageReference "swift-nio-transport-services" */ = {
			isa = XCRemoteSwiftPackageReference;
			repositoryURL = "https://github.com/apple/swift-nio-transport-services";
			requirement = {
				kind = upToNextMajorVersion;
				minimumVersion = 1.5.1;
			};
		};
		FCC0E5EE259B700B009CA70C /* XCRemoteSwiftPackageReference "Swift-Match" */ = {
			isa = XCRemoteSwiftPackageReference;
			repositoryURL = "git@github.com:Human-Entertainment/Swift-Match.git";
			requirement = {
				branch = main;
				kind = branch;
			};
		};
/* End XCRemoteSwiftPackageReference section */

/* Begin XCSwiftPackageProductDependency section */
		FC00A0CE24CEFF8400497395 /* NIO */ = {
			isa = XCSwiftPackageProductDependency;
			package = FCBE777E2485B27D00080BB5 /* XCRemoteSwiftPackageReference "swift-nio" */;
			productName = NIO;
		};
		FC00A0D024CEFF9000497395 /* NIOFoundationCompat */ = {
			isa = XCSwiftPackageProductDependency;
			package = FCBE777E2485B27D00080BB5 /* XCRemoteSwiftPackageReference "swift-nio" */;
			productName = NIOFoundationCompat;
		};
		FC00A0D224CEFF9C00497395 /* NIOTransportServices */ = {
			isa = XCSwiftPackageProductDependency;
			package = FCBE77832485B4E900080BB5 /* XCRemoteSwiftPackageReference "swift-nio-transport-services" */;
			productName = NIOTransportServices;
		};
		FC46024A259C8F6900DC1C74 /* AsyncKit */ = {
			isa = XCSwiftPackageProductDependency;
			package = FC460249259C8F6900DC1C74 /* XCRemoteSwiftPackageReference "async-kit" */;
			productName = AsyncKit;
		};
		FCBE777F2485B27D00080BB5 /* NIO */ = {
			isa = XCSwiftPackageProductDependency;
			package = FCBE777E2485B27D00080BB5 /* XCRemoteSwiftPackageReference "swift-nio" */;
			productName = NIO;
		};
		FCBE77812485B27D00080BB5 /* NIOFoundationCompat */ = {
			isa = XCSwiftPackageProductDependency;
			package = FCBE777E2485B27D00080BB5 /* XCRemoteSwiftPackageReference "swift-nio" */;
			productName = NIOFoundationCompat;
		};
		FCBE77842485B4E900080BB5 /* NIOTransportServices */ = {
			isa = XCSwiftPackageProductDependency;
			package = FCBE77832485B4E900080BB5 /* XCRemoteSwiftPackageReference "swift-nio-transport-services" */;
			productName = NIOTransportServices;
		};
		FCC0E5EF259B700B009CA70C /* Match */ = {
			isa = XCSwiftPackageProductDependency;
			package = FCC0E5EE259B700B009CA70C /* XCRemoteSwiftPackageReference "Swift-Match" */;
			productName = Match;
		};
/* End XCSwiftPackageProductDependency section */

/* Begin XCVersionGroup section */
		FC625ABF2483021A00ED60BF /* Songs.xcdatamodeld */ = {
			isa = XCVersionGroup;
			children = (
				FC625AC02483021A00ED60BF /* Songs.xcdatamodel */,
			);
			currentVersion = FC625AC02483021A00ED60BF /* Songs.xcdatamodel */;
			path = Songs.xcdatamodeld;
			sourceTree = "<group>";
			versionGroupType = wrapper.xcdatamodel;
		};
/* End XCVersionGroup section */
	};
	rootObject = FC521CD02479A46600D2AC82 /* Project object */;
}
